
Microsoft Visual Studio Solution File, Format Version 12.00
# Visual Studio 2013
VisualStudioVersion = 12.0.31101.0
MinimumVisualStudioVersion = 10.0.40219.1
Project("{2150E333-8FDC-42A3-9474-1A3956D46DE8}") = "00 Domain Layer", "00 Domain Layer", "{48DB7152-8E59-431E-AB94-A08FA3290737}"
EndProject
Project("{2150E333-8FDC-42A3-9474-1A3956D46DE8}") = "02 Infrastructure Layer", "02 Infrastructure Layer", "{9C1CA918-15D4-4644-9417-67B021AF4584}"
EndProject
Project("{FAE04EC0-301F-11D3-BF4B-00C04F79EFBC}") = "SuiteAccount.Domain", "SuiteAccount.Domain\SuiteAccount.Domain.csproj", "{477EEE1C-D243-46AB-A541-F5689176676C}"
EndProject
Project("{FAE04EC0-301F-11D3-BF4B-00C04F79EFBC}") = "SuiteAccount.Domain.Test", "SuiteAccount.Domain.Test\SuiteAccount.Domain.Test.csproj", "{32DD5B8E-AE06-42AE-AD9F-DC0536C9ADE4}"
EndProject
Project("{FAE04EC0-301F-11D3-BF4B-00C04F79EFBC}") = "SuiteAccount.Domain.Events", "SuiteAccount.Domain.Events\SuiteAccount.Domain.Events.csproj", "{8DB26571-F45F-4440-9D5B-FDE84EB5902D}"
EndProject
Project("{FAE04EC0-301F-11D3-BF4B-00C04F79EFBC}") = "SuiteAccount.Domain.Commands", "SuiteAccount.Domain.Commands\SuiteAccount.Domain.Commands.csproj", "{E5DDCC3F-85DB-4E1F-875B-FF598DD5B870}"
EndProject
Project("{FAE04EC0-301F-11D3-BF4B-00C04F79EFBC}") = "SuiteAccount.Domain.Shared", "SuiteAccount.Domain.Shared\SuiteAccount.Domain.Shared.csproj", "{248E1120-B54E-42D3-9935-8AC72F6B42C4}"
EndProject
Project("{2150E333-8FDC-42A3-9474-1A3956D46DE8}") = "EventStore", "EventStore", "{A1196C46-A366-48A3-88E7-E5A5C55D4EA9}"
EndProject
Project("{FAE04EC0-301F-11D3-BF4B-00C04F79EFBC}") = "SuiteAccount.EventStore.Persistence", "SuiteAccount.EventStore.Persistence\SuiteAccount.EventStore.Persistence.csproj", "{CBADAEFE-A145-4090-8E7C-FEB417D26EF1}"
EndProject
Project("{2150E333-8FDC-42A3-9474-1A3956D46DE8}") = "99 Presentation Layer", "99 Presentation Layer", "{EC612930-6EF5-4383-AD81-48A3AC519D3C}"
EndProject
Project("{FAE04EC0-301F-11D3-BF4B-00C04F79EFBC}") = "AppTest", "AppTest\AppTest.csproj", "{A77B69AE-20B8-49F4-8C82-7229690D77BD}"
EndProject
Project("{2150E333-8FDC-42A3-9474-1A3956D46DE8}") = "Logging", "Logging", "{FE01B2EF-EB6D-4070-8BAB-2D5A2F441BA0}"
EndProject
Project("{FAE04EC0-301F-11D3-BF4B-00C04F79EFBC}") = "SuiteAccount.Logging", "SuiteAccount.Logging\SuiteAccount.Logging.csproj", "{C1077E96-9536-47E0-B2D5-F2DC5A8C2CEF}"
EndProject
Project("{2150E333-8FDC-42A3-9474-1A3956D46DE8}") = "Modules", "Modules", "{D0C340A1-EEAD-4724-A16E-C8831167DDFD}"
EndProject
Project("{FAE04EC0-301F-11D3-BF4B-00C04F79EFBC}") = "SuiteAccount.Infrastructures.Modules", "SuiteAccount.Infrastructures.Modules\SuiteAccount.Infrastructures.Modules.csproj", "{DD8469C3-4A6A-4DE0-8C2A-E5F6C6736A4F}"
EndProject
Project("{2150E333-8FDC-42A3-9474-1A3956D46DE8}") = "Web", "Web", "{3348A22F-05B2-4AD3-B772-0C05A216BDB5}"
EndProject
Project("{FAE04EC0-301F-11D3-BF4B-00C04F79EFBC}") = "SuiteAccount", "SuiteAccount\SuiteAccount.csproj", "{A27EA9A7-585F-4C91-9CE0-917926ADFA8A}"
EndProject
Project("{2150E333-8FDC-42A3-9474-1A3956D46DE8}") = "03 QueryModel Layer", "03 QueryModel Layer", "{CD96B1C4-E4A1-4469-AD12-8AE6EFB86577}"
EndProject
Project("{2150E333-8FDC-42A3-9474-1A3956D46DE8}") = "Providers", "Providers", "{E087FADA-C753-40C3-8C3D-F58CFD1FC413}"
EndProject
Project("{FAE04EC0-301F-11D3-BF4B-00C04F79EFBC}") = "SuiteAccount.Providers", "SuiteAccount.Providers\SuiteAccount.Providers.csproj", "{C3EF86F7-6A05-426D-9475-5DC421297798}"
EndProject
Project("{FAE04EC0-301F-11D3-BF4B-00C04F79EFBC}") = "SuiteAccount.Infrastructure", "SuiteAccount.Infrastructure\SuiteAccount.Infrastructure.csproj", "{5BDEF7F9-71F0-4D53-8303-7E5236E5B92C}"
EndProject
Project("{2150E333-8FDC-42A3-9474-1A3956D46DE8}") = "Configuration", "Configuration", "{6D12E7C2-EA6A-45D8-B2B1-AE69F894CB39}"
EndProject
Project("{FAE04EC0-301F-11D3-BF4B-00C04F79EFBC}") = "SuiteAccount.Configuration", "SuiteAccount.Configuration\SuiteAccount.Configuration.csproj", "{DE2FD267-3216-44ED-844C-5ACA8740F574}"
EndProject
Project("{2150E333-8FDC-42A3-9474-1A3956D46DE8}") = "SQL Server", "SQL Server", "{7527DDB5-4FEB-4953-B682-2E2E8FFDA32D}"
EndProject
Project("{2150E333-8FDC-42A3-9474-1A3956D46DE8}") = "MongoDB", "MongoDB", "{465DBAFC-5766-4541-9EAA-3B2D7B7F4761}"
EndProject
Project("{FAE04EC0-301F-11D3-BF4B-00C04F79EFBC}") = "SuiteAccount.Configuration.Test", "SuiteAccount.Configuration.Test\SuiteAccount.Configuration.Test.csproj", "{9526245A-A0B2-439A-A904-E1F8733553C8}"
EndProject
Project("{FAE04EC0-301F-11D3-BF4B-00C04F79EFBC}") = "SuiteAccount.NoSql.Persistence", "SuiteAccount.NoSql.Persistence\SuiteAccount.NoSql.Persistence.csproj", "{F7D23A6A-4F79-41F7-94EA-C69A496077D9}"
EndProject
Project("{FAE04EC0-301F-11D3-BF4B-00C04F79EFBC}") = "SuiteAccount.NoSql.Denormalizer", "SuiteAccount.NoSql.Denormalizer\SuiteAccount.NoSql.Denormalizer.csproj", "{AB1FAE0B-9300-4A5B-BACF-AC33A92594EB}"
EndProject
Project("{FAE04EC0-301F-11D3-BF4B-00C04F79EFBC}") = "SuiteAccount.SqlModel", "SuiteAccount.SqlModel\SuiteAccount.SqlModel.csproj", "{16F4C894-66D8-4889-9737-147682BD0023}"
EndProject
Project("{FAE04EC0-301F-11D3-BF4B-00C04F79EFBC}") = "SuiteAccount.SqlModel.Denormalizer", "SuiteAccount.SqlModel.Denormalizer\SuiteAccount.SqlModel.Denormalizer.csproj", "{A7A7FF4A-9662-4E4A-AB97-2AA49394DBA5}"
EndProject
Project("{FAE04EC0-301F-11D3-BF4B-00C04F79EFBC}") = "SuiteAccount.SqlModel.Persistence", "SuiteAccount.SqlModel.Persistence\SuiteAccount.SqlModel.Persistence.csproj", "{B56BB6AF-8BD1-47E7-A25F-BAFFCA685071}"
EndProject
Project("{FAE04EC0-301F-11D3-BF4B-00C04F79EFBC}") = "SuiteAccount.NoSql.Model", "SuiteAccount.NoSql.Model\SuiteAccount.NoSql.Model.csproj", "{67CB1B9F-CD9D-4D95-A410-AF1750E39150}"
EndProject
Global
	GlobalSection(SolutionConfigurationPlatforms) = preSolution
		Debug|Any CPU = Debug|Any CPU
		Release|Any CPU = Release|Any CPU
	EndGlobalSection
	GlobalSection(ProjectConfigurationPlatforms) = postSolution
		{477EEE1C-D243-46AB-A541-F5689176676C}.Debug|Any CPU.ActiveCfg = Debug|Any CPU
		{477EEE1C-D243-46AB-A541-F5689176676C}.Debug|Any CPU.Build.0 = Debug|Any CPU
		{477EEE1C-D243-46AB-A541-F5689176676C}.Release|Any CPU.ActiveCfg = Release|Any CPU
		{477EEE1C-D243-46AB-A541-F5689176676C}.Release|Any CPU.Build.0 = Release|Any CPU
		{32DD5B8E-AE06-42AE-AD9F-DC0536C9ADE4}.Debug|Any CPU.ActiveCfg = Debug|Any CPU
		{32DD5B8E-AE06-42AE-AD9F-DC0536C9ADE4}.Debug|Any CPU.Build.0 = Debug|Any CPU
		{32DD5B8E-AE06-42AE-AD9F-DC0536C9ADE4}.Release|Any CPU.ActiveCfg = Release|Any CPU
		{32DD5B8E-AE06-42AE-AD9F-DC0536C9ADE4}.Release|Any CPU.Build.0 = Release|Any CPU
		{8DB26571-F45F-4440-9D5B-FDE84EB5902D}.Debug|Any CPU.ActiveCfg = Debug|Any CPU
		{8DB26571-F45F-4440-9D5B-FDE84EB5902D}.Debug|Any CPU.Build.0 = Debug|Any CPU
		{8DB26571-F45F-4440-9D5B-FDE84EB5902D}.Release|Any CPU.ActiveCfg = Release|Any CPU
		{8DB26571-F45F-4440-9D5B-FDE84EB5902D}.Release|Any CPU.Build.0 = Release|Any CPU
		{E5DDCC3F-85DB-4E1F-875B-FF598DD5B870}.Debug|Any CPU.ActiveCfg = Debug|Any CPU
		{E5DDCC3F-85DB-4E1F-875B-FF598DD5B870}.Debug|Any CPU.Build.0 = Debug|Any CPU
		{E5DDCC3F-85DB-4E1F-875B-FF598DD5B870}.Release|Any CPU.ActiveCfg = Release|Any CPU
		{E5DDCC3F-85DB-4E1F-875B-FF598DD5B870}.Release|Any CPU.Build.0 = Release|Any CPU
		{248E1120-B54E-42D3-9935-8AC72F6B42C4}.Debug|Any CPU.ActiveCfg = Debug|Any CPU
		{248E1120-B54E-42D3-9935-8AC72F6B42C4}.Debug|Any CPU.Build.0 = Debug|Any CPU
		{248E1120-B54E-42D3-9935-8AC72F6B42C4}.Release|Any CPU.ActiveCfg = Release|Any CPU
		{248E1120-B54E-42D3-9935-8AC72F6B42C4}.Release|Any CPU.Build.0 = Release|Any CPU
		{CBADAEFE-A145-4090-8E7C-FEB417D26EF1}.Debug|Any CPU.ActiveCfg = Debug|Any CPU
		{CBADAEFE-A145-4090-8E7C-FEB417D26EF1}.Debug|Any CPU.Build.0 = Debug|Any CPU
		{CBADAEFE-A145-4090-8E7C-FEB417D26EF1}.Release|Any CPU.ActiveCfg = Release|Any CPU
		{CBADAEFE-A145-4090-8E7C-FEB417D26EF1}.Release|Any CPU.Build.0 = Release|Any CPU
		{A77B69AE-20B8-49F4-8C82-7229690D77BD}.Debug|Any CPU.ActiveCfg = Debug|Any CPU
		{A77B69AE-20B8-49F4-8C82-7229690D77BD}.Debug|Any CPU.Build.0 = Debug|Any CPU
		{A77B69AE-20B8-49F4-8C82-7229690D77BD}.Release|Any CPU.ActiveCfg = Release|Any CPU
		{A77B69AE-20B8-49F4-8C82-7229690D77BD}.Release|Any CPU.Build.0 = Release|Any CPU
		{C1077E96-9536-47E0-B2D5-F2DC5A8C2CEF}.Debug|Any CPU.ActiveCfg = Debug|Any CPU
		{C1077E96-9536-47E0-B2D5-F2DC5A8C2CEF}.Debug|Any CPU.Build.0 = Debug|Any CPU
		{C1077E96-9536-47E0-B2D5-F2DC5A8C2CEF}.Release|Any CPU.ActiveCfg = Release|Any CPU
		{C1077E96-9536-47E0-B2D5-F2DC5A8C2CEF}.Release|Any CPU.Build.0 = Release|Any CPU
		{DD8469C3-4A6A-4DE0-8C2A-E5F6C6736A4F}.Debug|Any CPU.ActiveCfg = Debug|Any CPU
		{DD8469C3-4A6A-4DE0-8C2A-E5F6C6736A4F}.Debug|Any CPU.Build.0 = Debug|Any CPU
		{DD8469C3-4A6A-4DE0-8C2A-E5F6C6736A4F}.Release|Any CPU.ActiveCfg = Release|Any CPU
		{DD8469C3-4A6A-4DE0-8C2A-E5F6C6736A4F}.Release|Any CPU.Build.0 = Release|Any CPU
		{A27EA9A7-585F-4C91-9CE0-917926ADFA8A}.Debug|Any CPU.ActiveCfg = Debug|Any CPU
		{A27EA9A7-585F-4C91-9CE0-917926ADFA8A}.Debug|Any CPU.Build.0 = Debug|Any CPU
		{A27EA9A7-585F-4C91-9CE0-917926ADFA8A}.Release|Any CPU.ActiveCfg = Release|Any CPU
		{A27EA9A7-585F-4C91-9CE0-917926ADFA8A}.Release|Any CPU.Build.0 = Release|Any CPU
		{C3EF86F7-6A05-426D-9475-5DC421297798}.Debug|Any CPU.ActiveCfg = Debug|Any CPU
		{C3EF86F7-6A05-426D-9475-5DC421297798}.Debug|Any CPU.Build.0 = Debug|Any CPU
		{C3EF86F7-6A05-426D-9475-5DC421297798}.Release|Any CPU.ActiveCfg = Release|Any CPU
		{C3EF86F7-6A05-426D-9475-5DC421297798}.Release|Any CPU.Build.0 = Release|Any CPU
		{5BDEF7F9-71F0-4D53-8303-7E5236E5B92C}.Debug|Any CPU.ActiveCfg = Debug|Any CPU
		{5BDEF7F9-71F0-4D53-8303-7E5236E5B92C}.Debug|Any CPU.Build.0 = Debug|Any CPU
		{5BDEF7F9-71F0-4D53-8303-7E5236E5B92C}.Release|Any CPU.ActiveCfg = Release|Any CPU
		{5BDEF7F9-71F0-4D53-8303-7E5236E5B92C}.Release|Any CPU.Build.0 = Release|Any CPU
		{DE2FD267-3216-44ED-844C-5ACA8740F574}.Debug|Any CPU.ActiveCfg = Debug|Any CPU
		{DE2FD267-3216-44ED-844C-5ACA8740F574}.Debug|Any CPU.Build.0 = Debug|Any CPU
		{DE2FD267-3216-44ED-844C-5ACA8740F574}.Release|Any CPU.ActiveCfg = Release|Any CPU
		{DE2FD267-3216-44ED-844C-5ACA8740F574}.Release|Any CPU.Build.0 = Release|Any CPU
		{9526245A-A0B2-439A-A904-E1F8733553C8}.Debug|Any CPU.ActiveCfg = Debug|Any CPU
		{9526245A-A0B2-439A-A904-E1F8733553C8}.Debug|Any CPU.Build.0 = Debug|Any CPU
		{9526245A-A0B2-439A-A904-E1F8733553C8}.Release|Any CPU.ActiveCfg = Release|Any CPU
		{9526245A-A0B2-439A-A904-E1F8733553C8}.Release|Any CPU.Build.0 = Release|Any CPU
		{F7D23A6A-4F79-41F7-94EA-C69A496077D9}.Debug|Any CPU.ActiveCfg = Debug|Any CPU
		{F7D23A6A-4F79-41F7-94EA-C69A496077D9}.Debug|Any CPU.Build.0 = Debug|Any CPU
		{F7D23A6A-4F79-41F7-94EA-C69A496077D9}.Release|Any CPU.ActiveCfg = Release|Any CPU
		{F7D23A6A-4F79-41F7-94EA-C69A496077D9}.Release|Any CPU.Build.0 = Release|Any CPU
		{AB1FAE0B-9300-4A5B-BACF-AC33A92594EB}.Debug|Any CPU.ActiveCfg = Debug|Any CPU
		{AB1FAE0B-9300-4A5B-BACF-AC33A92594EB}.Debug|Any CPU.Build.0 = Debug|Any CPU
		{AB1FAE0B-9300-4A5B-BACF-AC33A92594EB}.Release|Any CPU.ActiveCfg = Release|Any CPU
		{AB1FAE0B-9300-4A5B-BACF-AC33A92594EB}.Release|Any CPU.Build.0 = Release|Any CPU
		{16F4C894-66D8-4889-9737-147682BD0023}.Debug|Any CPU.ActiveCfg = Debug|Any CPU
		{16F4C894-66D8-4889-9737-147682BD0023}.Debug|Any CPU.Build.0 = Debug|Any CPU
		{16F4C894-66D8-4889-9737-147682BD0023}.Release|Any CPU.ActiveCfg = Release|Any CPU
		{16F4C894-66D8-4889-9737-147682BD0023}.Release|Any CPU.Build.0 = Release|Any CPU
		{A7A7FF4A-9662-4E4A-AB97-2AA49394DBA5}.Debug|Any CPU.ActiveCfg = Debug|Any CPU
		{A7A7FF4A-9662-4E4A-AB97-2AA49394DBA5}.Debug|Any CPU.Build.0 = Debug|Any CPU
		{A7A7FF4A-9662-4E4A-AB97-2AA49394DBA5}.Release|Any CPU.ActiveCfg = Release|Any CPU
		{A7A7FF4A-9662-4E4A-AB97-2AA49394DBA5}.Release|Any CPU.Build.0 = Release|Any CPU
		{B56BB6AF-8BD1-47E7-A25F-BAFFCA685071}.Debug|Any CPU.ActiveCfg = Debug|Any CPU
		{B56BB6AF-8BD1-47E7-A25F-BAFFCA685071}.Debug|Any CPU.Build.0 = Debug|Any CPU
		{B56BB6AF-8BD1-47E7-A25F-BAFFCA685071}.Release|Any CPU.ActiveCfg = Release|Any CPU
		{B56BB6AF-8BD1-47E7-A25F-BAFFCA685071}.Release|Any CPU.Build.0 = Release|Any CPU
		{67CB1B9F-CD9D-4D95-A410-AF1750E39150}.Debug|Any CPU.ActiveCfg = Debug|Any CPU
		{67CB1B9F-CD9D-4D95-A410-AF1750E39150}.Debug|Any CPU.Build.0 = Debug|Any CPU
		{67CB1B9F-CD9D-4D95-A410-AF1750E39150}.Release|Any CPU.ActiveCfg = Release|Any CPU
		{67CB1B9F-CD9D-4D95-A410-AF1750E39150}.Release|Any CPU.Build.0 = Release|Any CPU
	EndGlobalSection
	GlobalSection(SolutionProperties) = preSolution
		HideSolutionNode = FALSE
	EndGlobalSection
	GlobalSection(NestedProjects) = preSolution
		{477EEE1C-D243-46AB-A541-F5689176676C} = {48DB7152-8E59-431E-AB94-A08FA3290737}
		{32DD5B8E-AE06-42AE-AD9F-DC0536C9ADE4} = {48DB7152-8E59-431E-AB94-A08FA3290737}
		{8DB26571-F45F-4440-9D5B-FDE84EB5902D} = {48DB7152-8E59-431E-AB94-A08FA3290737}
		{E5DDCC3F-85DB-4E1F-875B-FF598DD5B870} = {48DB7152-8E59-431E-AB94-A08FA3290737}
		{248E1120-B54E-42D3-9935-8AC72F6B42C4} = {48DB7152-8E59-431E-AB94-A08FA3290737}
		{A1196C46-A366-48A3-88E7-E5A5C55D4EA9} = {9C1CA918-15D4-4644-9417-67B021AF4584}
		{CBADAEFE-A145-4090-8E7C-FEB417D26EF1} = {A1196C46-A366-48A3-88E7-E5A5C55D4EA9}
		{A77B69AE-20B8-49F4-8C82-7229690D77BD} = {EC612930-6EF5-4383-AD81-48A3AC519D3C}
		{FE01B2EF-EB6D-4070-8BAB-2D5A2F441BA0} = {9C1CA918-15D4-4644-9417-67B021AF4584}
		{C1077E96-9536-47E0-B2D5-F2DC5A8C2CEF} = {FE01B2EF-EB6D-4070-8BAB-2D5A2F441BA0}
		{D0C340A1-EEAD-4724-A16E-C8831167DDFD} = {9C1CA918-15D4-4644-9417-67B021AF4584}
		{DD8469C3-4A6A-4DE0-8C2A-E5F6C6736A4F} = {D0C340A1-EEAD-4724-A16E-C8831167DDFD}
		{3348A22F-05B2-4AD3-B772-0C05A216BDB5} = {EC612930-6EF5-4383-AD81-48A3AC519D3C}
		{A27EA9A7-585F-4C91-9CE0-917926ADFA8A} = {3348A22F-05B2-4AD3-B772-0C05A216BDB5}
		{E087FADA-C753-40C3-8C3D-F58CFD1FC413} = {9C1CA918-15D4-4644-9417-67B021AF4584}
		{C3EF86F7-6A05-426D-9475-5DC421297798} = {E087FADA-C753-40C3-8C3D-F58CFD1FC413}
		{5BDEF7F9-71F0-4D53-8303-7E5236E5B92C} = {9C1CA918-15D4-4644-9417-67B021AF4584}
		{6D12E7C2-EA6A-45D8-B2B1-AE69F894CB39} = {9C1CA918-15D4-4644-9417-67B021AF4584}
		{DE2FD267-3216-44ED-844C-5ACA8740F574} = {6D12E7C2-EA6A-45D8-B2B1-AE69F894CB39}
		{7527DDB5-4FEB-4953-B682-2E2E8FFDA32D} = {CD96B1C4-E4A1-4469-AD12-8AE6EFB86577}
		{465DBAFC-5766-4541-9EAA-3B2D7B7F4761} = {CD96B1C4-E4A1-4469-AD12-8AE6EFB86577}
		{9526245A-A0B2-439A-A904-E1F8733553C8} = {6D12E7C2-EA6A-45D8-B2B1-AE69F894CB39}
		{F7D23A6A-4F79-41F7-94EA-C69A496077D9} = {465DBAFC-5766-4541-9EAA-3B2D7B7F4761}
		{AB1FAE0B-9300-4A5B-BACF-AC33A92594EB} = {465DBAFC-5766-4541-9EAA-3B2D7B7F4761}
		{16F4C894-66D8-4889-9737-147682BD0023} = {7527DDB5-4FEB-4953-B682-2E2E8FFDA32D}
		{A7A7FF4A-9662-4E4A-AB97-2AA49394DBA5} = {7527DDB5-4FEB-4953-B682-2E2E8FFDA32D}
		{B56BB6AF-8BD1-47E7-A25F-BAFFCA685071} = {7527DDB5-4FEB-4953-B682-2E2E8FFDA32D}
		{67CB1B9F-CD9D-4D95-A410-AF1750E39150} = {465DBAFC-5766-4541-9EAA-3B2D7B7F4761}
	EndGlobalSection
EndGlobal
